{
  "nodes": {
    "ai-assistant-instructions": {
      "flake": false,
      "locked": {
        "lastModified": 1778533134,
        "narHash": "sha256-8RGedu2gOnd7i2fsgl2YUpWx5LY2h0KK8+GHtbX75A0=",
        "owner": "JacobPEvans",
        "repo": "ai-assistant-instructions",
        "rev": "8cf900b9ba16218774e27cb8cee6467f583c4dac",
        "type": "github"
      },
      "original": {
        "owner": "JacobPEvans",
        "repo": "ai-assistant-instructions",
        "type": "github"
      }
    },
    "anthropic-agent-skills": {
      "flake": false,
      "locked": {
        "lastModified": 1778286877,
        "narHash": "sha256-jKNYFom6R+Qw7LQ8vFPBe51JpqIP0tTSY8LM4aPlnT4=",
        "owner": "anthropics",
        "repo": "skills",
        "rev": "f458cee31a7577a47ba0c9a101976fa599385174",
        "type": "github"
      },
      "original": {
        "owner": "anthropics",
        "repo": "skills",
        "type": "github"
      }
    },
    "axton-obsidian-visual-skills": {
      "flake": false,
      "locked": {
        "lastModified": 1770862721,
        "narHash": "sha256-28hLlKPifZ0GT3vc3eYuIN0C2DQm6vtZhJIKEomRp0M=",
        "owner": "axtonliu",
        "repo": "axton-obsidian-visual-skills",
        "rev": "1265976d9746a84858b4b7b42fb86a215aa93de9",
        "type": "github"
      },
      "original": {
        "owner": "axtonliu",
        "repo": "axton-obsidian-visual-skills",
        "type": "github"
      }
    },
    "bills-claude-skills": {
      "flake": false,
      "locked": {
        "lastModified": 1772306604,
        "narHash": "sha256-PyQSIuAzLXuah9qvfXSiiXedprtwvq/d7rzaAan7xTA=",
        "owner": "BillChirico",
        "repo": "bills-claude-skills",
        "rev": "3a7e65e88949e3f98a75ea296b53e478e2b5995c",
        "type": "github"
      },
      "original": {
        "owner": "BillChirico",
        "repo": "bills-claude-skills",
        "type": "github"
      }
    },
    "bitwarden-marketplace": {
      "flake": false,
      "locked": {
        "lastModified": 1778509330,
        "narHash": "sha256-KkEB86cMojX2nUDjEHGuaFX8Lfmu/fOPTxKYpyeRHcw=",
        "owner": "bitwarden",
        "repo": "ai-plugins",
        "rev": "a48c40ac69972f44804dcd0481711fb29f3683db",
        "type": "github"
      },
      "original": {
        "owner": "bitwarden",
        "repo": "ai-plugins",
        "type": "github"
      }
    },
    "browser-use-skills": {
      "flake": false,
      "locked": {
        "lastModified": 1778353731,
        "narHash": "sha256-LN5D7jHBWTkDE4fY9kUP2dNcYCRcvDyITisNjoC/ZVk=",
        "owner": "browser-use",
        "repo": "browser-use",
        "rev": "9b4b8d8054a2d23f13a141aa7c871dea1e939450",
        "type": "github"
      },
      "original": {
        "owner": "browser-use",
        "repo": "browser-use",
        "type": "github"
      }
    },
    "cc-dev-tools": {
      "flake": false,
      "locked": {
        "lastModified": 1777301179,
        "narHash": "sha256-mLJftGTU06SLQ98g2yqYdNAWj2OPwjxNhuvDnITr9vM=",
        "owner": "Lucklyric",
        "repo": "cc-dev-tools",
        "rev": "4503ef2ee3ee6ac5dcf58aea1ffe1148c81b9c87",
        "type": "github"
      },
      "original": {
        "owner": "Lucklyric",
        "repo": "cc-dev-tools",
        "type": "github"
      }
    },
    "cc-marketplace": {
      "flake": false,
      "locked": {
        "lastModified": 1768758615,
        "narHash": "sha256-BnH8+reZQRy4st+5zwA1EEDLIc2nVIp8CVBizUIkjXo=",
        "owner": "ananddtyagi",
        "repo": "cc-marketplace",
        "rev": "b643305146890bda9b2e694d2c42206ae4d0a4df",
        "type": "github"
      },
      "original": {
        "owner": "ananddtyagi",
        "repo": "cc-marketplace",
        "type": "github"
      }
    },
    "claude-code-plugins": {
      "flake": false,
      "locked": {
        "lastModified": 1778525016,
        "narHash": "sha256-1Id0esxDUikoEP8A5S2Ef3v7uEScnS3cHo2jn2bdzj0=",
        "owner": "anthropics",
        "repo": "claude-code",
        "rev": "fdfbc06c7a6d9ace49c55b3761b1be05d276da6d",
        "type": "github"
      },
      "original": {
        "owner": "anthropics",
        "repo": "claude-code",
        "type": "github"
      }
    },
    "claude-code-plugins-plus": {
      "flake": false,
      "locked": {
        "lastModified": 1778527796,
        "narHash": "sha256-9rjmVoNdr+tlQxffaK19CwKO0NaMNVKcEeBS9HY37Eg=",
        "owner": "jeremylongshore",
        "repo": "claude-code-plugins-plus",
        "rev": "a04d1a23e891ff84ead20483218176df8e5fb55d",
        "type": "github"
      },
      "original": {
        "owner": "jeremylongshore",
        "repo": "claude-code-plugins-plus",
        "type": "github"
      }
    },
    "claude-code-workflows": {
      "flake": false,
      "locked": {
        "lastModified": 1778542171,
        "narHash": "sha256-b+NF+tDvWR1RogGCeHCNEAnAT0mb+SbOCFEUzkOhH9g=",
        "owner": "wshobson",
        "repo": "agents",
        "rev": "34632bcbea28176ba25bbbc43cd4017d88b1cac6",
        "type": "github"
      },
      "original": {
        "owner": "wshobson",
        "repo": "agents",
        "type": "github"
      }
    },
    "claude-cookbooks": {
      "flake": false,
      "locked": {
        "lastModified": 1778257715,
        "narHash": "sha256-Ds9d98FNNJrh6YhFCvBK1ob6nSrzauN2HGdkHI6pxBM=",
        "owner": "anthropics",
        "repo": "claude-cookbooks",
        "rev": "3f8bf356e779d366ae7fcc0e84be12019747e5e3",
        "type": "github"
      },
      "original": {
        "owner": "anthropics",
        "repo": "claude-cookbooks",
        "type": "github"
      }
    },
    "claude-plugins-official": {
      "flake": false,
      "locked": {
        "lastModified": 1778530473,
        "narHash": "sha256-xmcDiV66PH3l33OBReazrqmialAReco/SbmADoRHxxI=",
        "owner": "anthropics",
        "repo": "claude-plugins-official",
        "rev": "45896c8f2fe68e68ca2a8e3554d4441f48475431",
        "type": "github"
      },
      "original": {
        "owner": "anthropics",
        "repo": "claude-plugins-official",
        "type": "github"
      }
    },
    "claude-skills": {
      "flake": false,
      "locked": {
        "lastModified": 1777450934,
        "narHash": "sha256-kCtjYCc9rARHoWPEebL/g4KnEj8Qdp3AjOXXm9ubvao=",
        "owner": "secondsky",
        "repo": "claude-skills",
        "rev": "b30de6b7f8d72f3467282861a376d017025d044d",
        "type": "github"
      },
      "original": {
        "owner": "secondsky",
        "repo": "claude-skills",
        "type": "github"
      }
    },
    "fabric-src": {
      "flake": false,
      "locked": {
        "lastModified": 1775769065,
        "narHash": "sha256-986ny/DRchsu+MkZFnmGrWaCPaw+SFYJzY768ZEPtfQ=",
        "owner": "danielmiessler",
        "repo": "fabric",
        "rev": "42311fe04b552f63503667b35f26b9b2ad537f95",
        "type": "github"
      },
      "original": {
        "owner": "danielmiessler",
        "ref": "v1.4.444",
        "repo": "fabric",
        "type": "github"
      }
    },
    "home-manager": {
      "inputs": {
        "nixpkgs": [
          "nixpkgs"
        ]
      },
      "locked": {
        "lastModified": 1778401693,
        "narHash": "sha256-OVHdCqXXUF5UdGkH+FF2ZL06OLZjj2kvP2dIUmzVWoo=",
        "owner": "nix-community",
        "repo": "home-manager",
        "rev": "389b83002efc26f1145e89a6a8e6edc5a6435948",
        "type": "github"
      },
      "original": {
        "owner": "nix-community",
        "ref": "release-25.11",
        "repo": "home-manager",
        "type": "github"
      }
    },
    "huggingface-skills": {
      "flake": false,
      "locked": {
        "lastModified": 1778490311,
        "narHash": "sha256-GSTpXjXMbwPgNc5htjHoHWbtHdOZSTjrr7qS9iCBByE=",
        "owner": "huggingface",
        "repo": "skills",
        "rev": "c3accb78c01b249a060ca87acac9df96368b2f57",
        "type": "github"
      },
      "original": {
        "owner": "huggingface",
        "repo": "skills",
        "type": "github"
      }
    },
    "jacobpevans-cc-plugins": {
      "flake": false,
      "locked": {
        "lastModified": 1778527368,
        "narHash": "sha256-Ojt5sLGXuldm0Qv0HS2eTBuy5wOdbvqwOjH/lgpRPYI=",
        "owner": "JacobPEvans",
        "repo": "claude-code-plugins",
        "rev": "8705357d2b92a666f23f6297fa1d62a47f3a34b2",
        "type": "github"
      },
      "original": {
        "owner": "JacobPEvans",
        "repo": "claude-code-plugins",
        "type": "github"
      }
    },
    "lunar-claude": {
      "flake": false,
      "locked": {
        "lastModified": 1778356780,
        "narHash": "sha256-kvzHLRVTeYQSJnxod90cEtgmc+aP9JNUC42uFy6zGj8=",
        "owner": "basher83",
        "repo": "lunar-claude",
        "rev": "b0fbb8db1219008f4afd6c96d990607afc528ec4",
        "type": "github"
      },
      "original": {
        "owner": "basher83",
        "repo": "lunar-claude",
        "type": "github"
      }
    },
    "nixpkgs": {
      "locked": {
        "lastModified": 1778424306,
        "narHash": "sha256-pMBBOyJ/68QtWKArOtS2RNxGJj1TkPmyMg9dIltwkPM=",
        "owner": "NixOS",
        "repo": "nixpkgs",
        "rev": "aa8933e9eeae76c0e7cd1a975287395fa4f136a4",
        "type": "github"
      },
      "original": {
        "owner": "NixOS",
        "ref": "nixpkgs-25.11-darwin",
        "repo": "nixpkgs",
        "type": "github"
      }
    },
    "obsidian-skills": {
      "flake": false,
      "locked": {
        "lastModified": 1778185448,
        "narHash": "sha256-2kr8fmkuxRLaTy2O+dTv9K+75mRIqkLmaArw2/hj5uc=",
        "owner": "kepano",
        "repo": "obsidian-skills",
        "rev": "ac9398734fe719565809f7a6048b05c36b1ca38f",
        "type": "github"
      },
      "original": {
        "owner": "kepano",
        "repo": "obsidian-skills",
        "type": "github"
      }
    },
    "openai-codex": {
      "flake": false,
      "locked": {
        "lastModified": 1776544913,
        "narHash": "sha256-zWddz18c3E15TPuEvjMkBkrwiFlK3ZqIG5YP5xX6ZII=",
        "owner": "openai",
        "repo": "codex-plugin-cc",
        "rev": "807e03ac9d5aa23bc395fdec8c3767500a86b3cf",
        "type": "github"
      },
      "original": {
        "owner": "openai",
        "repo": "codex-plugin-cc",
        "type": "github"
      }
    },
    "pal-mcp-server": {
      "flake": false,
      "locked": {
        "lastModified": 1765818451,
        "narHash": "sha256-N10TLndisNT48NVT8OZs7hZFf4D6j8ekPU7RfqwkqY0=",
        "owner": "BeehiveInnovations",
        "repo": "pal-mcp-server",
        "rev": "7afc7c1cc96e23992c8f105f960132c657883bb1",
        "type": "github"
      },
      "original": {
        "owner": "BeehiveInnovations",
        "repo": "pal-mcp-server",
        "type": "github"
      }
    },
    "root": {
      "inputs": {
        "ai-assistant-instructions": "ai-assistant-instructions",
        "anthropic-agent-skills": "anthropic-agent-skills",
        "axton-obsidian-visual-skills": "axton-obsidian-visual-skills",
        "bills-claude-skills": "bills-claude-skills",
        "bitwarden-marketplace": "bitwarden-marketplace",
        "browser-use-skills": "browser-use-skills",
        "cc-dev-tools": "cc-dev-tools",
        "cc-marketplace": "cc-marketplace",
        "claude-code-plugins": "claude-code-plugins",
        "claude-code-plugins-plus": "claude-code-plugins-plus",
        "claude-code-workflows": "claude-code-workflows",
        "claude-cookbooks": "claude-cookbooks",
        "claude-plugins-official": "claude-plugins-official",
        "claude-skills": "claude-skills",
        "fabric-src": "fabric-src",
        "home-manager": "home-manager",
        "huggingface-skills": "huggingface-skills",
        "jacobpevans-cc-plugins": "jacobpevans-cc-plugins",
        "lunar-claude": "lunar-claude",
        "nixpkgs": "nixpkgs",
        "obsidian-skills": "obsidian-skills",
        "openai-codex": "openai-codex",
        "pal-mcp-server": "pal-mcp-server",
        "superpowers-marketplace": "superpowers-marketplace",
        "vct-cribl-pack-validator-skills": "vct-cribl-pack-validator-skills",
        "visual-explainer-marketplace": "visual-explainer-marketplace",
        "wakatime": "wakatime"
      }
    },
    "superpowers-marketplace": {
      "flake": false,
      "locked": {
        "lastModified": 1778100383,
        "narHash": "sha256-hf+3DbVa78ehyelxE5Rnf/uk9JvcDYFsn1knONXI1do=",
        "owner": "obra",
        "repo": "superpowers-marketplace",
        "rev": "91cb319aedbfa57b67b2460b38c1a80d38b0137f",
        "type": "github"
      },
      "original": {
        "owner": "obra",
        "repo": "superpowers-marketplace",
        "type": "github"
      }
    },
    "vct-cribl-pack-validator-skills": {
      "flake": false,
      "locked": {
        "lastModified": 1774484708,
        "narHash": "sha256-cQEbj7K2HcFlL7vUVFYKsjlgZbzQqbVcAtw2QX7H4WQ=",
        "owner": "VisiCore",
        "repo": "vct-cribl-pack-validator",
        "rev": "eaf3b3f17f77faf6825c587dfdd552f8a9837926",
        "type": "github"
      },
      "original": {
        "owner": "VisiCore",
        "repo": "vct-cribl-pack-validator",
        "type": "github"
      }
    },
    "visual-explainer-marketplace": {
      "flake": false,
      "locked": {
        "lastModified": 1777310126,
        "narHash": "sha256-82RYY9txFLhj24oVyvvcXEm6F1RRyRTIXXf8vAJzeoE=",
        "owner": "nicobailon",
        "repo": "visual-explainer",
        "rev": "8f1d0e38ab0f265632a31d2fd032f7b730c98c15",
        "type": "github"
      },
      "original": {
        "owner": "nicobailon",
        "repo": "visual-explainer",
        "type": "github"
      }
    },
    "wakatime": {
      "flake": false,
      "locked": {
        "lastModified": 1777816152,
        "narHash": "sha256-W44dn1bAsVQCoaTPasMA7+JDU4yU2szy6ep05ywO1rE=",
        "owner": "wakatime",
        "repo": "claude-code-wakatime",
        "rev": "9b9933dee1d1a40ae6405a921b02276c38f5947a",
        "type": "github"
      },
      "original": {
        "owner": "wakatime",
        "repo": "claude-code-wakatime",
        "type": "github"
      }
    }
  },
  "root": "root",
  "version": 7
}
