{
  "nodes": {
    "ai-assistant-instructions": {
      "flake": false,
      "locked": {
        "lastModified": 1779369989,
        "narHash": "sha256-n5vDJfv1WZ2hDqayjyL+ZvjcJOyo+GSVwzmSX37PfBQ=",
        "owner": "JacobPEvans",
        "repo": "ai-assistant-instructions",
        "rev": "2b6959c7fa0a1fdefce8247a9f2abc96db4d5b1e",
        "type": "github"
      },
      "original": {
        "owner": "JacobPEvans",
        "repo": "ai-assistant-instructions",
        "type": "github"
      }
    },
    "anthropic-agent-skills": {
      "flake": false,
      "locked": {
        "lastModified": 1779199866,
        "narHash": "sha256-GMXFJSePrpEvhzMQ82YI9Z10BDkuFK/lXUDELclvQ4c=",
        "owner": "anthropics",
        "repo": "skills",
        "rev": "690f15cac7f7b4c055c5ab109c79ed9259934081",
        "type": "github"
      },
      "original": {
        "owner": "anthropics",
        "repo": "skills",
        "type": "github"
      }
    },
    "axton-obsidian-visual-skills": {
      "flake": false,
      "locked": {
        "lastModified": 1770862721,
        "narHash": "sha256-28hLlKPifZ0GT3vc3eYuIN0C2DQm6vtZhJIKEomRp0M=",
        "owner": "axtonliu",
        "repo": "axton-obsidian-visual-skills",
        "rev": "1265976d9746a84858b4b7b42fb86a215aa93de9",
        "type": "github"
      },
      "original": {
        "owner": "axtonliu",
        "repo": "axton-obsidian-visual-skills",
        "type": "github"
      }
    },
    "bills-claude-skills": {
      "flake": false,
      "locked": {
        "lastModified": 1772306604,
        "narHash": "sha256-PyQSIuAzLXuah9qvfXSiiXedprtwvq/d7rzaAan7xTA=",
        "owner": "BillChirico",
        "repo": "bills-claude-skills",
        "rev": "3a7e65e88949e3f98a75ea296b53e478e2b5995c",
        "type": "github"
      },
      "original": {
        "owner": "BillChirico",
        "repo": "bills-claude-skills",
        "type": "github"
      }
    },
    "bitwarden-marketplace": {
      "flake": false,
      "locked": {
        "lastModified": 1779222438,
        "narHash": "sha256-j2Job6LH/j/r/7HjJgu/XZXoJM7PPExXan1TYtdjLa0=",
        "owner": "bitwarden",
        "repo": "ai-plugins",
        "rev": "dacfbfaa83a454d40a42558ccef7783d6ec70be8",
        "type": "github"
      },
      "original": {
        "owner": "bitwarden",
        "repo": "ai-plugins",
        "type": "github"
      }
    },
    "browser-use-skills": {
      "flake": false,
      "locked": {
        "lastModified": 1779315551,
        "narHash": "sha256-+u/OlcsPeU+H+Qu9ZgjgQuVBwapQ1eQjHxcwAGcoPes=",
        "owner": "browser-use",
        "repo": "browser-use",
        "rev": "5f99e737c5e7ef3d3d4cbb121cc501991fdee72e",
        "type": "github"
      },
      "original": {
        "owner": "browser-use",
        "repo": "browser-use",
        "type": "github"
      }
    },
    "cc-dev-tools": {
      "flake": false,
      "locked": {
        "lastModified": 1777301179,
        "narHash": "sha256-mLJftGTU06SLQ98g2yqYdNAWj2OPwjxNhuvDnITr9vM=",
        "owner": "Lucklyric",
        "repo": "cc-dev-tools",
        "rev": "4503ef2ee3ee6ac5dcf58aea1ffe1148c81b9c87",
        "type": "github"
      },
      "original": {
        "owner": "Lucklyric",
        "repo": "cc-dev-tools",
        "type": "github"
      }
    },
    "cc-marketplace": {
      "flake": false,
      "locked": {
        "lastModified": 1768758615,
        "narHash": "sha256-BnH8+reZQRy4st+5zwA1EEDLIc2nVIp8CVBizUIkjXo=",
        "owner": "ananddtyagi",
        "repo": "cc-marketplace",
        "rev": "b643305146890bda9b2e694d2c42206ae4d0a4df",
        "type": "github"
      },
      "original": {
        "owner": "ananddtyagi",
        "repo": "cc-marketplace",
        "type": "github"
      }
    },
    "claude-code-plugins": {
      "flake": false,
      "locked": {
        "lastModified": 1779412606,
        "narHash": "sha256-5eadGqp0C1LyV75UxtfZ3v/fuUgDjGsJ6GA6Xrm2e1E=",
        "owner": "anthropics",
        "repo": "claude-code",
        "rev": "2194e8e0904087b9f2afce41a2ec083cc71c0653",
        "type": "github"
      },
      "original": {
        "owner": "anthropics",
        "repo": "claude-code",
        "type": "github"
      }
    },
    "claude-code-plugins-plus": {
      "flake": false,
      "locked": {
        "lastModified": 1779336060,
        "narHash": "sha256-I5PzUFhh8NVS9lMMiZRouVHLEKnFDuLdngD7Byx0Hgo=",
        "owner": "jeremylongshore",
        "repo": "claude-code-plugins-plus",
        "rev": "b57e3facf0f37374e474dc073e3f36e1b8cb7cf4",
        "type": "github"
      },
      "original": {
        "owner": "jeremylongshore",
        "repo": "claude-code-plugins-plus",
        "type": "github"
      }
    },
    "claude-code-workflows": {
      "flake": false,
      "locked": {
        "lastModified": 1779393697,
        "narHash": "sha256-4P/3O7Yi05e579k2LUS9OnbrP35WRjV7TVYW7ylo4I4=",
        "owner": "wshobson",
        "repo": "agents",
        "rev": "4bb47e9eeb4e8564642eb23384ec8f7bf1855417",
        "type": "github"
      },
      "original": {
        "owner": "wshobson",
        "repo": "agents",
        "type": "github"
      }
    },
    "claude-cookbooks": {
      "flake": false,
      "locked": {
        "lastModified": 1779215544,
        "narHash": "sha256-lR7Tam+4t4/ulsmo+V+550sxjKQ7ILnWkZdLFD7JJYg=",
        "owner": "anthropics",
        "repo": "claude-cookbooks",
        "rev": "39a350b6790c132337dcc3ec35240728fcc1dc0e",
        "type": "github"
      },
      "original": {
        "owner": "anthropics",
        "repo": "claude-cookbooks",
        "type": "github"
      }
    },
    "claude-plugins-official": {
      "flake": false,
      "locked": {
        "lastModified": 1779396680,
        "narHash": "sha256-UFlNhWQ5kz8zhOExXacgy+xNJ273dF3v3h1MKdPG5Jk=",
        "owner": "anthropics",
        "repo": "claude-plugins-official",
        "rev": "1d5ba6426aa27bab9dcf69e89b2f119609ce0885",
        "type": "github"
      },
      "original": {
        "owner": "anthropics",
        "repo": "claude-plugins-official",
        "type": "github"
      }
    },
    "claude-skills": {
      "flake": false,
      "locked": {
        "lastModified": 1778765226,
        "narHash": "sha256-fkE535x4714uhlg2p3rPiasnUE8bTyfPXKzFfPBao+w=",
        "owner": "secondsky",
        "repo": "claude-skills",
        "rev": "5e92b7170451adf347b8719ee984e147f3eabbea",
        "type": "github"
      },
      "original": {
        "owner": "secondsky",
        "repo": "claude-skills",
        "type": "github"
      }
    },
    "fabric-src": {
      "flake": false,
      "locked": {
        "lastModified": 1777933126,
        "narHash": "sha256-2O/g0DC0ptxzEzXA1NYZWfdnUeIVFuLWNyw1uct2XyM=",
        "owner": "danielmiessler",
        "repo": "fabric",
        "rev": "6a9b55a096361d368368fa8119f7dd3b8bf2673b",
        "type": "github"
      },
      "original": {
        "owner": "danielmiessler",
        "ref": "v1.4.452",
        "repo": "fabric",
        "type": "github"
      }
    },
    "home-manager": {
      "inputs": {
        "nixpkgs": [
          "nixpkgs"
        ]
      },
      "locked": {
        "lastModified": 1778905220,
        "narHash": "sha256-ox/5IHc8uwy6UTw6N7Shp6uCHIgu/S2PsWeuXsOHSo8=",
        "owner": "nix-community",
        "repo": "home-manager",
        "rev": "d1686dc7d36cbd1234cb226ad6ef97e882716acb",
        "type": "github"
      },
      "original": {
        "owner": "nix-community",
        "ref": "release-25.11",
        "repo": "home-manager",
        "type": "github"
      }
    },
    "huggingface-skills": {
      "flake": false,
      "locked": {
        "lastModified": 1779366435,
        "narHash": "sha256-cxE620PeDYvy01TWJ4MQmMYoLaNujB2qq2lIZRHbBls=",
        "owner": "huggingface",
        "repo": "skills",
        "rev": "6592035ef09a74249f2d60083c6a178960d267c6",
        "type": "github"
      },
      "original": {
        "owner": "huggingface",
        "repo": "skills",
        "type": "github"
      }
    },
    "jacobpevans-cc-plugins": {
      "flake": false,
      "locked": {
        "lastModified": 1779369264,
        "narHash": "sha256-VkcEuFTNHLgmPA28Djseaj04fYNm9Q5HWoCvHb5QVhU=",
        "owner": "JacobPEvans",
        "repo": "claude-code-plugins",
        "rev": "eded00feb89a2d95e8cb46fbd0c584ccb15ee2a7",
        "type": "github"
      },
      "original": {
        "owner": "JacobPEvans",
        "repo": "claude-code-plugins",
        "type": "github"
      }
    },
    "lunar-claude": {
      "flake": false,
      "locked": {
        "lastModified": 1779127581,
        "narHash": "sha256-vVuusVSjnxxYXG1b59R6wDr/H1XycCza+UMCgxt+SOw=",
        "owner": "basher83",
        "repo": "lunar-claude",
        "rev": "6e38da2b65467ca16203e8e1f451fd804f7780de",
        "type": "github"
      },
      "original": {
        "owner": "basher83",
        "repo": "lunar-claude",
        "type": "github"
      }
    },
    "nixpkgs": {
      "locked": {
        "lastModified": 1779283575,
        "narHash": "sha256-8Yi6xx63JyVixy58MBy1OTGH1zgawngOE/OejqKQSCo=",
        "owner": "NixOS",
        "repo": "nixpkgs",
        "rev": "45a1ddc2fb777171278e791fd43e772774f493d2",
        "type": "github"
      },
      "original": {
        "owner": "NixOS",
        "ref": "nixpkgs-25.11-darwin",
        "repo": "nixpkgs",
        "type": "github"
      }
    },
    "nixpkgs-unstable": {
      "locked": {
        "lastModified": 1779259093,
        "narHash": "sha256-7DKWmH23hL2eYdkxCKeqj2i+yljTKuU+3Nk1UPHOnxc=",
        "owner": "NixOS",
        "repo": "nixpkgs",
        "rev": "d99b013d5d1931ad77fe3912ed218170dec5d9a4",
        "type": "github"
      },
      "original": {
        "owner": "NixOS",
        "ref": "nixpkgs-unstable",
        "repo": "nixpkgs",
        "type": "github"
      }
    },
    "obsidian-skills": {
      "flake": false,
      "locked": {
        "lastModified": 1778185448,
        "narHash": "sha256-2kr8fmkuxRLaTy2O+dTv9K+75mRIqkLmaArw2/hj5uc=",
        "owner": "kepano",
        "repo": "obsidian-skills",
        "rev": "ac9398734fe719565809f7a6048b05c36b1ca38f",
        "type": "github"
      },
      "original": {
        "owner": "kepano",
        "repo": "obsidian-skills",
        "type": "github"
      }
    },
    "openai-codex": {
      "flake": false,
      "locked": {
        "lastModified": 1776544913,
        "narHash": "sha256-zWddz18c3E15TPuEvjMkBkrwiFlK3ZqIG5YP5xX6ZII=",
        "owner": "openai",
        "repo": "codex-plugin-cc",
        "rev": "807e03ac9d5aa23bc395fdec8c3767500a86b3cf",
        "type": "github"
      },
      "original": {
        "owner": "openai",
        "repo": "codex-plugin-cc",
        "type": "github"
      }
    },
    "pal-mcp-server": {
      "flake": false,
      "locked": {
        "lastModified": 1765818451,
        "narHash": "sha256-N10TLndisNT48NVT8OZs7hZFf4D6j8ekPU7RfqwkqY0=",
        "owner": "BeehiveInnovations",
        "repo": "pal-mcp-server",
        "rev": "7afc7c1cc96e23992c8f105f960132c657883bb1",
        "type": "github"
      },
      "original": {
        "owner": "BeehiveInnovations",
        "repo": "pal-mcp-server",
        "type": "github"
      }
    },
    "root": {
      "inputs": {
        "ai-assistant-instructions": "ai-assistant-instructions",
        "anthropic-agent-skills": "anthropic-agent-skills",
        "axton-obsidian-visual-skills": "axton-obsidian-visual-skills",
        "bills-claude-skills": "bills-claude-skills",
        "bitwarden-marketplace": "bitwarden-marketplace",
        "browser-use-skills": "browser-use-skills",
        "cc-dev-tools": "cc-dev-tools",
        "cc-marketplace": "cc-marketplace",
        "claude-code-plugins": "claude-code-plugins",
        "claude-code-plugins-plus": "claude-code-plugins-plus",
        "claude-code-workflows": "claude-code-workflows",
        "claude-cookbooks": "claude-cookbooks",
        "claude-plugins-official": "claude-plugins-official",
        "claude-skills": "claude-skills",
        "fabric-src": "fabric-src",
        "home-manager": "home-manager",
        "huggingface-skills": "huggingface-skills",
        "jacobpevans-cc-plugins": "jacobpevans-cc-plugins",
        "lunar-claude": "lunar-claude",
        "nixpkgs": "nixpkgs",
        "nixpkgs-unstable": "nixpkgs-unstable",
        "obsidian-skills": "obsidian-skills",
        "openai-codex": "openai-codex",
        "pal-mcp-server": "pal-mcp-server",
        "superpowers-marketplace": "superpowers-marketplace",
        "vct-cribl-pack-validator-skills": "vct-cribl-pack-validator-skills",
        "visual-explainer-marketplace": "visual-explainer-marketplace",
        "wakatime": "wakatime"
      }
    },
    "superpowers-marketplace": {
      "flake": false,
      "locked": {
        "lastModified": 1779399076,
        "narHash": "sha256-z9CJEGVIocueriQ9fqqHzdnsJMwSScdFbvbhVYQY6Kw=",
        "owner": "obra",
        "repo": "superpowers-marketplace",
        "rev": "89e817bac876722a9e1a34f6c3919b8d27c231a1",
        "type": "github"
      },
      "original": {
        "owner": "obra",
        "repo": "superpowers-marketplace",
        "type": "github"
      }
    },
    "vct-cribl-pack-validator-skills": {
      "flake": false,
      "locked": {
        "lastModified": 1774484708,
        "narHash": "sha256-cQEbj7K2HcFlL7vUVFYKsjlgZbzQqbVcAtw2QX7H4WQ=",
        "owner": "VisiCore",
        "repo": "vct-cribl-pack-validator",
        "rev": "eaf3b3f17f77faf6825c587dfdd552f8a9837926",
        "type": "github"
      },
      "original": {
        "owner": "VisiCore",
        "repo": "vct-cribl-pack-validator",
        "type": "github"
      }
    },
    "visual-explainer-marketplace": {
      "flake": false,
      "locked": {
        "lastModified": 1777310126,
        "narHash": "sha256-82RYY9txFLhj24oVyvvcXEm6F1RRyRTIXXf8vAJzeoE=",
        "owner": "nicobailon",
        "repo": "visual-explainer",
        "rev": "8f1d0e38ab0f265632a31d2fd032f7b730c98c15",
        "type": "github"
      },
      "original": {
        "owner": "nicobailon",
        "repo": "visual-explainer",
        "type": "github"
      }
    },
    "wakatime": {
      "flake": false,
      "locked": {
        "lastModified": 1778860224,
        "narHash": "sha256-zZGx6rYgVXtyhoLy7w4tDFVGioEUqpWcXVIzFN4NfAE=",
        "owner": "wakatime",
        "repo": "claude-code-wakatime",
        "rev": "3915f4ec19d4fedf2a1a2a644f1138cd72e956da",
        "type": "github"
      },
      "original": {
        "owner": "wakatime",
        "repo": "claude-code-wakatime",
        "type": "github"
      }
    }
  },
  "root": "root",
  "version": 7
}
