{
  "nodes": {
    "nixpkgs": {
      "locked": {
        "lastModified": 1782971832,
        "narHash": "sha256-/g/OtRDpNSGuQuIAP2bZL2Dlvsvxna7fAaKFAXkpsxw=",
        "owner": "NixOS",
        "repo": "nixpkgs",
        "rev": "a88cc24d9d9e9a89614298fe908aba6d289654d3",
        "type": "github"
      },
      "original": {
        "owner": "NixOS",
        "ref": "nixpkgs-26.05-darwin",
        "repo": "nixpkgs",
        "type": "github"
      }
    },
    "root": {
      "inputs": {
        "nixpkgs": "nixpkgs"
      }
    }
  },
  "root": "root",
  "version": 7
}
