{
  "nodes": {
    "nixpkgs": {
      "locked": {
        "lastModified": 1778893784,
        "narHash": "sha256-EDThl5ard0jh2t9FWZB/vdSzA5Qqea9l26lz5tbxzQQ=",
        "owner": "NixOS",
        "repo": "nixpkgs",
        "rev": "e0e08612300f19308b83668861c2fabaceba8967",
        "type": "github"
      },
      "original": {
        "owner": "NixOS",
        "ref": "nixpkgs-25.11-darwin",
        "repo": "nixpkgs",
        "type": "github"
      }
    },
    "pal-mcp-server": {
      "flake": false,
      "locked": {
        "lastModified": 1765818451,
        "narHash": "sha256-N10TLndisNT48NVT8OZs7hZFf4D6j8ekPU7RfqwkqY0=",
        "owner": "BeehiveInnovations",
        "repo": "pal-mcp-server",
        "rev": "7afc7c1cc96e23992c8f105f960132c657883bb1",
        "type": "github"
      },
      "original": {
        "owner": "BeehiveInnovations",
        "repo": "pal-mcp-server",
        "type": "github"
      }
    },
    "root": {
      "inputs": {
        "nixpkgs": "nixpkgs",
        "pal-mcp-server": "pal-mcp-server"
      }
    }
  },
  "root": "root",
  "version": 7
}
