{
  "nodes": {
    "nixpkgs": {
      "locked": {
        "lastModified": 1778424306,
        "narHash": "sha256-pMBBOyJ/68QtWKArOtS2RNxGJj1TkPmyMg9dIltwkPM=",
        "owner": "NixOS",
        "repo": "nixpkgs",
        "rev": "aa8933e9eeae76c0e7cd1a975287395fa4f136a4",
        "type": "github"
      },
      "original": {
        "owner": "NixOS",
        "ref": "nixpkgs-25.11-darwin",
        "repo": "nixpkgs",
        "type": "github"
      }
    },
    "pal-mcp-server": {
      "flake": false,
      "locked": {
        "lastModified": 1765818451,
        "narHash": "sha256-N10TLndisNT48NVT8OZs7hZFf4D6j8ekPU7RfqwkqY0=",
        "owner": "BeehiveInnovations",
        "repo": "pal-mcp-server",
        "rev": "7afc7c1cc96e23992c8f105f960132c657883bb1",
        "type": "github"
      },
      "original": {
        "owner": "BeehiveInnovations",
        "repo": "pal-mcp-server",
        "type": "github"
      }
    },
    "root": {
      "inputs": {
        "nixpkgs": "nixpkgs",
        "pal-mcp-server": "pal-mcp-server"
      }
    }
  },
  "root": "root",
  "version": 7
}
